
Microsoft Visual Studio Solution File, Format Version 12.00
# Visual Studio Version 16
VisualStudioVersion = 16.0.29418.71
MinimumVisualStudioVersion = 10.0.40219.1
Project("{FAE04EC0-301F-11D3-BF4B-00C04F79EFBC}") = "BookSite", "BookSite\BookSite.csproj", "{A27E7623-026A-4320-9101-114EE9DDC8A8}"
EndProject
Project("{FAE04EC0-301F-11D3-BF4B-00C04F79EFBC}") = "BookSiteAPI", "BookSiteAPI\BookSiteAPI.csproj", "{8682113C-46B1-412B-8A06-F7D53F7CE3AD}"
EndProject
Global
	GlobalSection(SolutionConfigurationPlatforms) = preSolution
		Debug|Any CPU = Debug|Any CPU
		Release|Any CPU = Release|Any CPU
	EndGlobalSection
	GlobalSection(ProjectConfigurationPlatforms) = postSolution
		{A27E7623-026A-4320-9101-114EE9DDC8A8}.Debug|Any CPU.ActiveCfg = Debug|Any CPU
		{A27E7623-026A-4320-9101-114EE9DDC8A8}.Debug|Any CPU.Build.0 = Debug|Any CPU
		{A27E7623-026A-4320-9101-114EE9DDC8A8}.Release|Any CPU.ActiveCfg = Release|Any CPU
		{A27E7623-026A-4320-9101-114EE9DDC8A8}.Release|Any CPU.Build.0 = Release|Any CPU
		{8682113C-46B1-412B-8A06-F7D53F7CE3AD}.Debug|Any CPU.ActiveCfg = Debug|Any CPU
		{8682113C-46B1-412B-8A06-F7D53F7CE3AD}.Debug|Any CPU.Build.0 = Debug|Any CPU
		{8682113C-46B1-412B-8A06-F7D53F7CE3AD}.Release|Any CPU.ActiveCfg = Release|Any CPU
		{8682113C-46B1-412B-8A06-F7D53F7CE3AD}.Release|Any CPU.Build.0 = Release|Any CPU
	EndGlobalSection
	GlobalSection(SolutionProperties) = preSolution
		HideSolutionNode = FALSE
	EndGlobalSection
	GlobalSection(ExtensibilityGlobals) = postSolution
		SolutionGuid = {005C983E-E8FD-4EB5-A91F-99C8EA65BAE4}
	EndGlobalSection
EndGlobal
